
Microsoft Visual Studio Solution File, Format Version 12.00
# Visual Studio Version 17
VisualStudioVersion = 17.4.33205.214
MinimumVisualStudioVersion = 10.0.40219.1
Project("{9A19103F-16F7-4668-BE54-9A1E7A4F7556}") = "LibraryApi.Application", "LibraryApi.Application\LibraryApi.Application.csproj", "{C3C6B89A-B775-431F-AA63-35648518EF40}"
EndProject
Project("{2150E333-8FDC-42A3-9474-1A3956D46DE8}") = "src", "src", "{45E78D4C-B14F-4B83-996F-7A25AFC2363B}"
EndProject
Project("{9A19103F-16F7-4668-BE54-9A1E7A4F7556}") = "LibraryApi.Domain", "..\LibraryApi.Domain\LibraryApi.Domain.csproj", "{6D66041D-30E5-4594-8B5D-0140DA2288D3}"
EndProject
Project("{9A19103F-16F7-4668-BE54-9A1E7A4F7556}") = "LibraryApi.Infrastructure", "..\LibraryApi.Infrastructure\LibraryApi.Infrastructure.csproj", "{553AB729-1DE5-46A1-9CFF-8C4A2A856675}"
EndProject
Project("{2150E333-8FDC-42A3-9474-1A3956D46DE8}") = "test", "test", "{8CE0AA78-CF67-445D-9836-BC5EAE9E8012}"
EndProject
Project("{9A19103F-16F7-4668-BE54-9A1E7A4F7556}") = "LibraryApi.UnitTest", "..\LibraryApi.UnitTest\LibraryApi.UnitTest.csproj", "{CCF47D97-D53D-46D5-9DC2-7E0C9187FD22}"
EndProject
Project("{9A19103F-16F7-4668-BE54-9A1E7A4F7556}") = "LibraryApi.Host", "..\LibraryApi.Host\LibraryApi.Host.csproj", "{E6511100-3DC4-4E26-9221-53D73FFA6A91}"
EndProject
Global
	GlobalSection(SolutionConfigurationPlatforms) = preSolution
		Debug|Any CPU = Debug|Any CPU
		Release|Any CPU = Release|Any CPU
	EndGlobalSection
	GlobalSection(ProjectConfigurationPlatforms) = postSolution
		{C3C6B89A-B775-431F-AA63-35648518EF40}.Debug|Any CPU.ActiveCfg = Debug|Any CPU
		{C3C6B89A-B775-431F-AA63-35648518EF40}.Debug|Any CPU.Build.0 = Debug|Any CPU
		{C3C6B89A-B775-431F-AA63-35648518EF40}.Release|Any CPU.ActiveCfg = Release|Any CPU
		{C3C6B89A-B775-431F-AA63-35648518EF40}.Release|Any CPU.Build.0 = Release|Any CPU
		{6D66041D-30E5-4594-8B5D-0140DA2288D3}.Debug|Any CPU.ActiveCfg = Debug|Any CPU
		{6D66041D-30E5-4594-8B5D-0140DA2288D3}.Debug|Any CPU.Build.0 = Debug|Any CPU
		{6D66041D-30E5-4594-8B5D-0140DA2288D3}.Release|Any CPU.ActiveCfg = Release|Any CPU
		{6D66041D-30E5-4594-8B5D-0140DA2288D3}.Release|Any CPU.Build.0 = Release|Any CPU
		{553AB729-1DE5-46A1-9CFF-8C4A2A856675}.Debug|Any CPU.ActiveCfg = Debug|Any CPU
		{553AB729-1DE5-46A1-9CFF-8C4A2A856675}.Debug|Any CPU.Build.0 = Debug|Any CPU
		{553AB729-1DE5-46A1-9CFF-8C4A2A856675}.Release|Any CPU.ActiveCfg = Release|Any CPU
		{553AB729-1DE5-46A1-9CFF-8C4A2A856675}.Release|Any CPU.Build.0 = Release|Any CPU
		{CCF47D97-D53D-46D5-9DC2-7E0C9187FD22}.Debug|Any CPU.ActiveCfg = Debug|Any CPU
		{CCF47D97-D53D-46D5-9DC2-7E0C9187FD22}.Debug|Any CPU.Build.0 = Debug|Any CPU
		{CCF47D97-D53D-46D5-9DC2-7E0C9187FD22}.Release|Any CPU.ActiveCfg = Release|Any CPU
		{CCF47D97-D53D-46D5-9DC2-7E0C9187FD22}.Release|Any CPU.Build.0 = Release|Any CPU
		{E6511100-3DC4-4E26-9221-53D73FFA6A91}.Debug|Any CPU.ActiveCfg = Debug|Any CPU
		{E6511100-3DC4-4E26-9221-53D73FFA6A91}.Debug|Any CPU.Build.0 = Debug|Any CPU
		{E6511100-3DC4-4E26-9221-53D73FFA6A91}.Release|Any CPU.ActiveCfg = Release|Any CPU
		{E6511100-3DC4-4E26-9221-53D73FFA6A91}.Release|Any CPU.Build.0 = Release|Any CPU
	EndGlobalSection
	GlobalSection(SolutionProperties) = preSolution
		HideSolutionNode = FALSE
	EndGlobalSection
	GlobalSection(NestedProjects) = preSolution
		{C3C6B89A-B775-431F-AA63-35648518EF40} = {45E78D4C-B14F-4B83-996F-7A25AFC2363B}
		{6D66041D-30E5-4594-8B5D-0140DA2288D3} = {45E78D4C-B14F-4B83-996F-7A25AFC2363B}
		{553AB729-1DE5-46A1-9CFF-8C4A2A856675} = {45E78D4C-B14F-4B83-996F-7A25AFC2363B}
		{CCF47D97-D53D-46D5-9DC2-7E0C9187FD22} = {8CE0AA78-CF67-445D-9836-BC5EAE9E8012}
		{E6511100-3DC4-4E26-9221-53D73FFA6A91} = {45E78D4C-B14F-4B83-996F-7A25AFC2363B}
	EndGlobalSection
	GlobalSection(ExtensibilityGlobals) = postSolution
		SolutionGuid = {F054F3A8-477E-416A-8BCD-50291D4315FB}
	EndGlobalSection
EndGlobal
